// !$*UTF8*$!
{
	archiveVersion = 1;
	classes = {
	};
	objectVersion = 56;
	objects = {

/* Begin PBXBuildFile section */
		3F4B63B32988EFC400B9844F /* customCell.swift in Sources */ = {isa = PBXBuildFile; fileRef = 3F4B63B22988EFC400B9844F /* customCell.swift */; };
		3F4B63B529890C2300B9844F /* ViewController_2.swift in Sources */ = {isa = PBXBuildFile; fileRef = 3F4B63B429890C2300B9844F /* ViewController_2.swift */; };
		3F531F2D29765D7A00085F8D /* AppDelegate.swift in Sources */ = {isa = PBXBuildFile; fileRef = 3F531F2C29765D7A00085F8D /* AppDelegate.swift */; };
		3F531F2F29765D7A00085F8D /* SceneDelegate.swift in Sources */ = {isa = PBXBuildFile; fileRef = 3F531F2E29765D7A00085F8D /* SceneDelegate.swift */; };
		3F531F3429765D7A00085F8D /* Main.storyboard in Resources */ = {isa = PBXBuildFile; fileRef = 3F531F3229765D7A00085F8D /* Main.storyboard */; };
		3F531F3629765D7D00085F8D /* Assets.xcassets in Resources */ = {isa = PBXBuildFile; fileRef = 3F531F3529765D7D00085F8D /* Assets.xcassets */; };
		3F531F3929765D7D00085F8D /* LaunchScreen.storyboard in Resources */ = {isa = PBXBuildFile; fileRef = 3F531F3729765D7D00085F8D /* LaunchScreen.storyboard */; };
		3F531F4429765D7E00085F8D /* TO_DO_APP__Tests.swift in Sources */ = {isa = PBXBuildFile; fileRef = 3F531F4329765D7E00085F8D /* TO_DO_APP__Tests.swift */; };
		3F531F4E29765D7E00085F8D /* TO_DO_APP__UITests.swift in Sources */ = {isa = PBXBuildFile; fileRef = 3F531F4D29765D7E00085F8D /* TO_DO_APP__UITests.swift */; };
		3F531F5029765D7E00085F8D /* TO_DO_APP__UITestsLaunchTests.swift in Sources */ = {isa = PBXBuildFile; fileRef = 3F531F4F29765D7E00085F8D /* TO_DO_APP__UITestsLaunchTests.swift */; };
		3FF6D1FC297E6D71006AABB3 /* ViewController.swift in Sources */ = {isa = PBXBuildFile; fileRef = 3FF6D1FB297E6D71006AABB3 /* ViewController.swift */; };
/* End PBXBuildFile section */

/* Begin PBXContainerItemProxy section */
		3F531F4029765D7E00085F8D /* PBXContainerItemProxy */ = {
			isa = PBXContainerItemProxy;
			containerPortal = 3F531F2129765D7A00085F8D /* Project object */;
			proxyType = 1;
			remoteGlobalIDString = 3F531F2829765D7A00085F8D;
			remoteInfo = "TO-DO-APP()";
		};
		3F531F4A29765D7E00085F8D /* PBXContainerItemProxy */ = {
			isa = PBXContainerItemProxy;
			containerPortal = 3F531F2129765D7A00085F8D /* Project object */;
			proxyType = 1;
			remoteGlobalIDString = 3F531F2829765D7A00085F8D;
			remoteInfo = "TO-DO-APP()";
		};
/* End PBXContainerItemProxy section */

/* Begin PBXFileReference section */
		3F4B63B22988EFC400B9844F /* customCell.swift */ = {isa = PBXFileReference; lastKnownFileType = sourcecode.swift; path = customCell.swift; sourceTree = "<group>"; };
		3F4B63B429890C2300B9844F /* ViewController_2.swift */ = {isa = PBXFileReference; lastKnownFileType = sourcecode.swift; path = ViewController_2.swift; sourceTree = "<group>"; };
		3F531F2929765D7A00085F8D /* TO-DO-APP().app */ = {isa = PBXFileReference; explicitFileType = wrapper.application; includeInIndex = 0; path = "TO-DO-APP().app"; sourceTree = BUILT_PRODUCTS_DIR; };
		3F531F2C29765D7A00085F8D /* AppDelegate.swift */ = {isa = PBXFileReference; lastKnownFileType = sourcecode.swift; path = AppDelegate.swift; sourceTree = "<group>"; };
		3F531F2E29765D7A00085F8D /* SceneDelegate.swift */ = {isa = PBXFileReference; lastKnownFileType = sourcecode.swift; path = SceneDelegate.swift; sourceTree = "<group>"; };
		3F531F3329765D7A00085F8D /* Base */ = {isa = PBXFileReference; lastKnownFileType = file.storyboard; name = Base; path = Base.lproj/Main.storyboard; sourceTree = "<group>"; };
		3F531F3529765D7D00085F8D /* Assets.xcassets */ = {isa = PBXFileReference; lastKnownFileType = folder.assetcatalog; path = Assets.xcassets; sourceTree = "<group>"; };
		3F531F3829765D7D00085F8D /* Base */ = {isa = PBXFileReference; lastKnownFileType = file.storyboard; name = Base; path = Base.lproj/LaunchScreen.storyboard; sourceTree = "<group>"; };
		3F531F3A29765D7D00085F8D /* Info.plist */ = {isa = PBXFileReference; lastKnownFileType = text.plist.xml; path = Info.plist; sourceTree = "<group>"; };
		3F531F3F29765D7E00085F8D /* TO-DO-APP()Tests.xctest */ = {isa = PBXFileReference; explicitFileType = wrapper.cfbundle; includeInIndex = 0; path = "TO-DO-APP()Tests.xctest"; sourceTree = BUILT_PRODUCTS_DIR; };
		3F531F4329765D7E00085F8D /* TO_DO_APP__Tests.swift */ = {isa = PBXFileReference; lastKnownFileType = sourcecode.swift; path = TO_DO_APP__Tests.swift; sourceTree = "<group>"; };
		3F531F4929765D7E00085F8D /* TO-DO-APP()UITests.xctest */ = {isa = PBXFileReference; explicitFileType = wrapper.cfbundle; includeInIndex = 0; path = "TO-DO-APP()UITests.xctest"; sourceTree = BUILT_PRODUCTS_DIR; };
		3F531F4D29765D7E00085F8D /* TO_DO_APP__UITests.swift */ = {isa = PBXFileReference; lastKnownFileType = sourcecode.swift; path = TO_DO_APP__UITests.swift; sourceTree = "<group>"; };
		3F531F4F29765D7E00085F8D /* TO_DO_APP__UITestsLaunchTests.swift */ = {isa = PBXFileReference; lastKnownFileType = sourcecode.swift; path = TO_DO_APP__UITestsLaunchTests.swift; sourceTree = "<group>"; };
		3FF6D1FB297E6D71006AABB3 /* ViewController.swift */ = {isa = PBXFileReference; lastKnownFileType = sourcecode.swift; path = ViewController.swift; sourceTree = "<group>"; };
/* End PBXFileReference section */

/* Begin PBXFrameworksBuildPhase section */
		3F531F2629765D7A00085F8D /* Frameworks */ = {
			isa = PBXFrameworksBuildPhase;
			buildActionMask = 2147483647;
			files = (
			);
			runOnlyForDeploymentPostprocessing = 0;
		};
		3F531F3C29765D7E00085F8D /* Frameworks */ = {
			isa = PBXFrameworksBuildPhase;
			buildActionMask = 2147483647;
			files = (
			);
			runOnlyForDeploymentPostprocessing = 0;
		};
		3F531F4629765D7E00085F8D /* Frameworks */ = {
			isa = PBXFrameworksBuildPhase;
			buildActionMask = 2147483647;
			files = (
			);
			runOnlyForDeploymentPostprocessing = 0;
		};
/* End PBXFrameworksBuildPhase section */

/* Begin PBXGroup section */
		3F531F2029765D7A00085F8D = {
			isa = PBXGroup;
			children = (
				3F531F2B29765D7A00085F8D /* TO-DO-APP() */,
				3F531F4229765D7E00085F8D /* TO-DO-APP()Tests */,
				3F531F4C29765D7E00085F8D /* TO-DO-APP()UITests */,
				3F531F2A29765D7A00085F8D /* Products */,
			);
			sourceTree = "<group>";
		};
		3F531F2A29765D7A00085F8D /* Products */ = {
			isa = PBXGroup;
			children = (
				3F531F2929765D7A00085F8D /* TO-DO-APP().app */,
				3F531F3F29765D7E00085F8D /* TO-DO-APP()Tests.xctest */,
				3F531F4929765D7E00085F8D /* TO-DO-APP()UITests.xctest */,
			);
			name = Products;
			sourceTree = "<group>";
		};
		3F531F2B29765D7A00085F8D /* TO-DO-APP() */ = {
			isa = PBXGroup;
			children = (
				3F531F2C29765D7A00085F8D /* AppDelegate.swift */,
				3F531F2E29765D7A00085F8D /* SceneDelegate.swift */,
				3FF6D1FB297E6D71006AABB3 /* ViewController.swift */,
				3F4B63B429890C2300B9844F /* ViewController_2.swift */,
				3F4B63B22988EFC400B9844F /* customCell.swift */,
				3F531F3229765D7A00085F8D /* Main.storyboard */,
				3F531F3529765D7D00085F8D /* Assets.xcassets */,
				3F531F3729765D7D00085F8D /* LaunchScreen.storyboard */,
				3F531F3A29765D7D00085F8D /* Info.plist */,
			);
			path = "TO-DO-APP()";
			sourceTree = "<group>";
		};
		3F531F4229765D7E00085F8D /* TO-DO-APP()Tests */ = {
			isa = PBXGroup;
			children = (
				3F531F4329765D7E00085F8D /* TO_DO_APP__Tests.swift */,
			);
			path = "TO-DO-APP()Tests";
			sourceTree = "<group>";
		};
		3F531F4C29765D7E00085F8D /* TO-DO-APP()UITests */ = {
			isa = PBXGroup;
			children = (
				3F531F4D29765D7E00085F8D /* TO_DO_APP__UITests.swift */,
				3F531F4F29765D7E00085F8D /* TO_DO_APP__UITestsLaunchTests.swift */,
			);
			path = "TO-DO-APP()UITests";
			sourceTree = "<group>";
		};
/* End PBXGroup section */

/* Begin PBXNativeTarget section */
		3F531F2829765D7A00085F8D /* TO-DO-APP() */ = {
			isa = PBXNativeTarget;
			buildConfigurationList = 3F531F5329765D7E00085F8D /* Build configuration list for PBXNativeTarget "TO-DO-APP()" */;
			buildPhases = (
				3F531F2529765D7A00085F8D /* Sources */,
				3F531F2629765D7A00085F8D /* Frameworks */,
				3F531F2729765D7A00085F8D /* Resources */,
			);
			buildRules = (
			);
			dependencies = (
			);
			name = "TO-DO-APP()";
			productName = "TO-DO-APP()";
			productReference = 3F531F2929765D7A00085F8D /* TO-DO-APP().app */;
			productType = "com.apple.product-type.application";
		};
		3F531F3E29765D7E00085F8D /* TO-DO-APP()Tests */ = {
			isa = PBXNativeTarget;
			buildConfigurationList = 3F531F5629765D7E00085F8D /* Build configuration list for PBXNativeTarget "TO-DO-APP()Tests" */;
			buildPhases = (
				3F531F3B29765D7E00085F8D /* Sources */,
				3F531F3C29765D7E00085F8D /* Frameworks */,
				3F531F3D29765D7E00085F8D /* Resources */,
			);
			buildRules = (
			);
			dependencies = (
				3F531F4129765D7E00085F8D /* PBXTargetDependency */,
			);
			name = "TO-DO-APP()Tests";
			productName = "TO-DO-APP()Tests";
			productReference = 3F531F3F29765D7E00085F8D /* TO-DO-APP()Tests.xctest */;
			productType = "com.apple.product-type.bundle.unit-test";
		};
		3F531F4829765D7E00085F8D /* TO-DO-APP()UITests */ = {
			isa = PBXNativeTarget;
			buildConfigurationList = 3F531F5929765D7E00085F8D /* Build configuration list for PBXNativeTarget "TO-DO-APP()UITests" */;
			buildPhases = (
				3F531F4529765D7E00085F8D /* Sources */,
				3F531F4629765D7E00085F8D /* Frameworks */,
				3F531F4729765D7E00085F8D /* Resources */,
			);
			buildRules = (
			);
			dependencies = (
				3F531F4B29765D7E00085F8D /* PBXTargetDependency */,
			);
			name = "TO-DO-APP()UITests";
			productName = "TO-DO-APP()UITests";
			productReference = 3F531F4929765D7E00085F8D /* TO-DO-APP()UITests.xctest */;
			productType = "com.apple.product-type.bundle.ui-testing";
		};
/* End PBXNativeTarget section */

/* Begin PBXProject section */
		3F531F2129765D7A00085F8D /* Project object */ = {
			isa = PBXProject;
			attributes = {
				BuildIndependentTargetsInParallel = 1;
				LastSwiftUpdateCheck = 1420;
				LastUpgradeCheck = 1420;
				TargetAttributes = {
					3F531F2829765D7A00085F8D = {
						CreatedOnToolsVersion = 14.2;
					};
					3F531F3E29765D7E00085F8D = {
						CreatedOnToolsVersion = 14.2;
						TestTargetID = 3F531F2829765D7A00085F8D;
					};
					3F531F4829765D7E00085F8D = {
						CreatedOnToolsVersion = 14.2;
						TestTargetID = 3F531F2829765D7A00085F8D;
					};
				};
			};
			buildConfigurationList = 3F531F2429765D7A00085F8D /* Build configuration list for PBXProject "TO-DO-APP()" */;
			compatibilityVersion = "Xcode 14.0";
			developmentRegion = en;
			hasScannedForEncodings = 0;
			knownRegions = (
				en,
				Base,
			);
			mainGroup = 3F531F2029765D7A00085F8D;
			productRefGroup = 3F531F2A29765D7A00085F8D /* Products */;
			projectDirPath = "";
			projectRoot = "";
			targets = (
				3F531F2829765D7A00085F8D /* TO-DO-APP() */,
				3F531F3E29765D7E00085F8D /* TO-DO-APP()Tests */,
				3F531F4829765D7E00085F8D /* TO-DO-APP()UITests */,
			);
		};
/* End PBXProject section */

/* Begin PBXResourcesBuildPhase section */
		3F531F2729765D7A00085F8D /* Resources */ = {
			isa = PBXResourcesBuildPhase;
			buildActionMask = 2147483647;
			files = (
				3F531F3929765D7D00085F8D /* LaunchScreen.storyboard in Resources */,
				3F531F3629765D7D00085F8D /* Assets.xcassets in Resources */,
				3F531F3429765D7A00085F8D /* Main.storyboard in Resources */,
			);
			runOnlyForDeploymentPostprocessing = 0;
		};
		3F531F3D29765D7E00085F8D /* Resources */ = {
			isa = PBXResourcesBuildPhase;
			buildActionMask = 2147483647;
			files = (
			);
			runOnlyForDeploymentPostprocessing = 0;
		};
		3F531F4729765D7E00085F8D /* Resources */ = {
			isa = PBXResourcesBuildPhase;
			buildActionMask = 2147483647;
			files = (
			);
			runOnlyForDeploymentPostprocessing = 0;
		};
/* End PBXResourcesBuildPhase section */

/* Begin PBXSourcesBuildPhase section */
		3F531F2529765D7A00085F8D /* Sources */ = {
			isa = PBXSourcesBuildPhase;
			buildActionMask = 2147483647;
			files = (
				3FF6D1FC297E6D71006AABB3 /* ViewController.swift in Sources */,
				3F4B63B32988EFC400B9844F /* customCell.swift in Sources */,
				3F531F2D29765D7A00085F8D /* AppDelegate.swift in Sources */,
				3F531F2F29765D7A00085F8D /* SceneDelegate.swift in Sources */,
				3F4B63B529890C2300B9844F /* ViewController_2.swift in Sources */,
			);
			runOnlyForDeploymentPostprocessing = 0;
		};
		3F531F3B29765D7E00085F8D /* Sources */ = {
			isa = PBXSourcesBuildPhase;
			buildActionMask = 2147483647;
			files = (
				3F531F4429765D7E00085F8D /* TO_DO_APP__Tests.swift in Sources */,
			);
			runOnlyForDeploymentPostprocessing = 0;
		};
		3F531F4529765D7E00085F8D /* Sources */ = {
			isa = PBXSourcesBuildPhase;
			buildActionMask = 2147483647;
			files = (
				3F531F5029765D7E00085F8D /* TO_DO_APP__UITestsLaunchTests.swift in Sources */,
				3F531F4E29765D7E00085F8D /* TO_DO_APP__UITests.swift in Sources */,
			);
			runOnlyForDeploymentPostprocessing = 0;
		};
/* End PBXSourcesBuildPhase section */

/* Begin PBXTargetDependency section */
		3F531F4129765D7E00085F8D /* PBXTargetDependency */ = {
			isa = PBXTargetDependency;
			target = 3F531F2829765D7A00085F8D /* TO-DO-APP() */;
			targetProxy = 3F531F4029765D7E00085F8D /* PBXContainerItemProxy */;
		};
		3F531F4B29765D7E00085F8D /* PBXTargetDependency */ = {
			isa = PBXTargetDependency;
			target = 3F531F2829765D7A00085F8D /* TO-DO-APP() */;
			targetProxy = 3F531F4A29765D7E00085F8D /* PBXContainerItemProxy */;
		};
/* End PBXTargetDependency section */

/* Begin PBXVariantGroup section */
		3F531F3229765D7A00085F8D /* Main.storyboard */ = {
			isa = PBXVariantGroup;
			children = (
				3F531F3329765D7A00085F8D /* Base */,
			);
			name = Main.storyboard;
			sourceTree = "<group>";
		};
		3F531F3729765D7D00085F8D /* LaunchScreen.storyboard */ = {
			isa = PBXVariantGroup;
			children = (
				3F531F3829765D7D00085F8D /* Base */,
			);
			name = LaunchScreen.storyboard;
			sourceTree = "<group>";
		};
/* End PBXVariantGroup section */

/* Begin XCBuildConfiguration section */
		3F531F5129765D7E00085F8D /* Debug */ = {
			isa = XCBuildConfiguration;
			buildSettings = {
				ALWAYS_SEARCH_USER_PATHS = NO;
				CLANG_ANALYZER_NONNULL = YES;
				CLANG_ANALYZER_NUMBER_OBJECT_CONVERSION = YES_AGGRESSIVE;
				CLANG_CXX_LANGUAGE_STANDARD = "gnu++20";
				CLANG_ENABLE_MODULES = YES;
				CLANG_ENABLE_OBJC_ARC = YES;
				CLANG_ENABLE_OBJC_WEAK = YES;
				CLANG_WARN_BLOCK_CAPTURE_AUTORELEASING = YES;
				CLANG_WARN_BOOL_CONVERSION = YES;
				CLANG_WARN_COMMA = YES;
				CLANG_WARN_CONSTANT_CONVERSION = YES;
				CLANG_WARN_DEPRECATED_OBJC_IMPLEMENTATIONS = YES;
				CLANG_WARN_DIRECT_OBJC_ISA_USAGE = YES_ERROR;
				CLANG_WARN_DOCUMENTATION_COMMENTS = YES;
				CLANG_WARN_EMPTY_BODY = YES;
				CLANG_WARN_ENUM_CONVERSION = YES;
				CLANG_WARN_INFINITE_RECURSION = YES;
				CLANG_WARN_INT_CONVERSION = YES;
				CLANG_WARN_NON_LITERAL_NULL_CONVERSION = YES;
				CLANG_WARN_OBJC_IMPLICIT_RETAIN_SELF = YES;
				CLANG_WARN_OBJC_LITERAL_CONVERSION = YES;
				CLANG_WARN_OBJC_ROOT_CLASS = YES_ERROR;
				CLANG_WARN_QUOTED_INCLUDE_IN_FRAMEWORK_HEADER = YES;
				CLANG_WARN_RANGE_LOOP_ANALYSIS = YES;
				CLANG_WARN_STRICT_PROTOTYPES = YES;
				CLANG_WARN_SUSPICIOUS_MOVE = YES;
				CLANG_WARN_UNGUARDED_AVAILABILITY = YES_AGGRESSIVE;
				CLANG_WARN_UNREACHABLE_CODE = YES;
				CLANG_WARN__DUPLICATE_METHOD_MATCH = YES;
				COPY_PHASE_STRIP = NO;
				DEBUG_INFORMATION_FORMAT = dwarf;
				ENABLE_STRICT_OBJC_MSGSEND = YES;
				ENABLE_TESTABILITY = YES;
				GCC_C_LANGUAGE_STANDARD = gnu11;
				GCC_DYNAMIC_NO_PIC = NO;
				GCC_NO_COMMON_BLOCKS = YES;
				GCC_OPTIMIZATION_LEVEL = 0;
				GCC_PREPROCESSOR_DEFINITIONS = (
					"DEBUG=1",
					"$(inherited)",
				);
				GCC_WARN_64_TO_32_BIT_CONVERSION = YES;
				GCC_WARN_ABOUT_RETURN_TYPE = YES_ERROR;
				GCC_WARN_UNDECLARED_SELECTOR = YES;
				GCC_WARN_UNINITIALIZED_AUTOS = YES_AGGRESSIVE;
				GCC_WARN_UNUSED_FUNCTION = YES;
				GCC_WARN_UNUSED_VARIABLE = YES;
				IPHONEOS_DEPLOYMENT_TARGET = 16.2;
				MTL_ENABLE_DEBUG_INFO = INCLUDE_SOURCE;
				MTL_FAST_MATH = YES;
				ONLY_ACTIVE_ARCH = YES;
				SDKROOT = iphoneos;
				SWIFT_ACTIVE_COMPILATION_CONDITIONS = DEBUG;
				SWIFT_OPTIMIZATION_LEVEL = "-Onone";
			};
			name = Debug;
		};
		3F531F5229765D7E00085F8D /* Release */ = {
			isa = XCBuildConfiguration;
			buildSettings = {
				ALWAYS_SEARCH_USER_PATHS = NO;
				CLANG_ANALYZER_NONNULL = YES;
				CLANG_ANALYZER_NUMBER_OBJECT_CONVERSION = YES_AGGRESSIVE;
				CLANG_CXX_LANGUAGE_STANDARD = "gnu++20";
				CLANG_ENABLE_MODULES = YES;
				CLANG_ENABLE_OBJC_ARC = YES;
				CLANG_ENABLE_OBJC_WEAK = YES;
				CLANG_WARN_BLOCK_CAPTURE_AUTORELEASING = YES;
				CLANG_WARN_BOOL_CONVERSION = YES;
				CLANG_WARN_COMMA = YES;
				CLANG_WARN_CONSTANT_CONVERSION = YES;
				CLANG_WARN_DEPRECATED_OBJC_IMPLEMENTATIONS = YES;
				CLANG_WARN_DIRECT_OBJC_ISA_USAGE = YES_ERROR;
				CLANG_WARN_DOCUMENTATION_COMMENTS = YES;
				CLANG_WARN_EMPTY_BODY = YES;
				CLANG_WARN_ENUM_CONVERSION = YES;
				CLANG_WARN_INFINITE_RECURSION = YES;
				CLANG_WARN_INT_CONVERSION = YES;
				CLANG_WARN_NON_LITERAL_NULL_CONVERSION = YES;
				CLANG_WARN_OBJC_IMPLICIT_RETAIN_SELF = YES;
				CLANG_WARN_OBJC_LITERAL_CONVERSION = YES;
				CLANG_WARN_OBJC_ROOT_CLASS = YES_ERROR;
				CLANG_WARN_QUOTED_INCLUDE_IN_FRAMEWORK_HEADER = YES;
				CLANG_WARN_RANGE_LOOP_ANALYSIS = YES;
				CLANG_WARN_STRICT_PROTOTYPES = YES;
				CLANG_WARN_SUSPICIOUS_MOVE = YES;
				CLANG_WARN_UNGUARDED_AVAILABILITY = YES_AGGRESSIVE;
				CLANG_WARN_UNREACHABLE_CODE = YES;
				CLANG_WARN__DUPLICATE_METHOD_MATCH = YES;
				COPY_PHASE_STRIP = NO;
				DEBUG_INFORMATION_FORMAT = "dwarf-with-dsym";
				ENABLE_NS_ASSERTIONS = NO;
				ENABLE_STRICT_OBJC_MSGSEND = YES;
				GCC_C_LANGUAGE_STANDARD = gnu11;
				GCC_NO_COMMON_BLOCKS = YES;
				GCC_WARN_64_TO_32_BIT_CONVERSION = YES;
				GCC_WARN_ABOUT_RETURN_TYPE = YES_ERROR;
				GCC_WARN_UNDECLARED_SELECTOR = YES;
				GCC_WARN_UNINITIALIZED_AUTOS = YES_AGGRESSIVE;
				GCC_WARN_UNUSED_FUNCTION = YES;
				GCC_WARN_UNUSED_VARIABLE = YES;
				IPHONEOS_DEPLOYMENT_TARGET = 16.2;
				MTL_ENABLE_DEBUG_INFO = NO;
				MTL_FAST_MATH = YES;
				SDKROOT = iphoneos;
				SWIFT_COMPILATION_MODE = wholemodule;
				SWIFT_OPTIMIZATION_LEVEL = "-O";
				VALIDATE_PRODUCT = YES;
			};
			name = Release;
		};
		3F531F5429765D7E00085F8D /* Debug */ = {
			isa = XCBuildConfiguration;
			buildSettings = {
				ASSETCATALOG_COMPILER_APPICON_NAME = AppIcon;
				ASSETCATALOG_COMPILER_GLOBAL_ACCENT_COLOR_NAME = AccentColor;
				CODE_SIGN_STYLE = Automatic;
				CURRENT_PROJECT_VERSION = 1;
				GENERATE_INFOPLIST_FILE = YES;
				INFOPLIST_FILE = "TO-DO-APP()/Info.plist";
				INFOPLIST_KEY_UIApplicationSupportsIndirectInputEvents = YES;
				INFOPLIST_KEY_UILaunchStoryboardName = LaunchScreen;
				INFOPLIST_KEY_UIMainStoryboardFile = Main;
				INFOPLIST_KEY_UISupportedInterfaceOrientations_iPad = "UIInterfaceOrientationPortrait UIInterfaceOrientationPortraitUpsideDown UIInterfaceOrientationLandscapeLeft UIInterfaceOrientationLandscapeRight";
				INFOPLIST_KEY_UISupportedInterfaceOrientations_iPhone = "UIInterfaceOrientationPortrait UIInterfaceOrientationLandscapeLeft UIInterfaceOrientationLandscapeRight";
				LD_RUNPATH_SEARCH_PATHS = (
					"$(inherited)",
					"@executable_path/Frameworks",
				);
				MARKETING_VERSION = 1.0;
				PRODUCT_BUNDLE_IDENTIFIER = "fundsindia.TO-DO-APP--";
				PRODUCT_NAME = "$(TARGET_NAME)";
				SWIFT_EMIT_LOC_STRINGS = YES;
				SWIFT_VERSION = 5.0;
				TARGETED_DEVICE_FAMILY = "1,2";
			};
			name = Debug;
		};
		3F531F5529765D7E00085F8D /* Release */ = {
			isa = XCBuildConfiguration;
			buildSettings = {
				ASSETCATALOG_COMPILER_APPICON_NAME = AppIcon;
				ASSETCATALOG_COMPILER_GLOBAL_ACCENT_COLOR_NAME = AccentColor;
				CODE_SIGN_STYLE = Automatic;
				CURRENT_PROJECT_VERSION = 1;
				GENERATE_INFOPLIST_FILE = YES;
				INFOPLIST_FILE = "TO-DO-APP()/Info.plist";
				INFOPLIST_KEY_UIApplicationSupportsIndirectInputEvents = YES;
				INFOPLIST_KEY_UILaunchStoryboardName = LaunchScreen;
				INFOPLIST_KEY_UIMainStoryboardFile = Main;
				INFOPLIST_KEY_UISupportedInterfaceOrientations_iPad = "UIInterfaceOrientationPortrait UIInterfaceOrientationPortraitUpsideDown UIInterfaceOrientationLandscapeLeft UIInterfaceOrientationLandscapeRight";
				INFOPLIST_KEY_UISupportedInterfaceOrientations_iPhone = "UIInterfaceOrientationPortrait UIInterfaceOrientationLandscapeLeft UIInterfaceOrientationLandscapeRight";
				LD_RUNPATH_SEARCH_PATHS = (
					"$(inherited)",
					"@executable_path/Frameworks",
				);
				MARKETING_VERSION = 1.0;
				PRODUCT_BUNDLE_IDENTIFIER = "fundsindia.TO-DO-APP--";
				PRODUCT_NAME = "$(TARGET_NAME)";
				SWIFT_EMIT_LOC_STRINGS = YES;
				SWIFT_VERSION = 5.0;
				TARGETED_DEVICE_FAMILY = "1,2";
			};
			name = Release;
		};
		3F531F5729765D7E00085F8D /* Debug */ = {
			isa = XCBuildConfiguration;
			buildSettings = {
				ALWAYS_EMBED_SWIFT_STANDARD_LIBRARIES = YES;
				BUNDLE_LOADER = "$(TEST_HOST)";
				CODE_SIGN_STYLE = Automatic;
				CURRENT_PROJECT_VERSION = 1;
				GENERATE_INFOPLIST_FILE = YES;
				IPHONEOS_DEPLOYMENT_TARGET = 16.2;
				MARKETING_VERSION = 1.0;
				PRODUCT_BUNDLE_IDENTIFIER = "fundsindia.TO-DO-APP--Tests";
				PRODUCT_NAME = "$(TARGET_NAME)";
				SWIFT_EMIT_LOC_STRINGS = NO;
				SWIFT_VERSION = 5.0;
				TARGETED_DEVICE_FAMILY = "1,2";
				TEST_HOST = "$(BUILT_PRODUCTS_DIR)/TO-DO-APP().app/$(BUNDLE_EXECUTABLE_FOLDER_PATH)/TO-DO-APP()";
			};
			name = Debug;
		};
		3F531F5829765D7E00085F8D /* Release */ = {
			isa = XCBuildConfiguration;
			buildSettings = {
				ALWAYS_EMBED_SWIFT_STANDARD_LIBRARIES = YES;
				BUNDLE_LOADER = "$(TEST_HOST)";
				CODE_SIGN_STYLE = Automatic;
				CURRENT_PROJECT_VERSION = 1;
				GENERATE_INFOPLIST_FILE = YES;
				IPHONEOS_DEPLOYMENT_TARGET = 16.2;
				MARKETING_VERSION = 1.0;
				PRODUCT_BUNDLE_IDENTIFIER = "fundsindia.TO-DO-APP--Tests";
				PRODUCT_NAME = "$(TARGET_NAME)";
				SWIFT_EMIT_LOC_STRINGS = NO;
				SWIFT_VERSION = 5.0;
				TARGETED_DEVICE_FAMILY = "1,2";
				TEST_HOST = "$(BUILT_PRODUCTS_DIR)/TO-DO-APP().app/$(BUNDLE_EXECUTABLE_FOLDER_PATH)/TO-DO-APP()";
			};
			name = Release;
		};
		3F531F5A29765D7E00085F8D /* Debug */ = {
			isa = XCBuildConfiguration;
			buildSettings = {
				ALWAYS_EMBED_SWIFT_STANDARD_LIBRARIES = YES;
				CODE_SIGN_STYLE = Automatic;
				CURRENT_PROJECT_VERSION = 1;
				GENERATE_INFOPLIST_FILE = YES;
				MARKETING_VERSION = 1.0;
				PRODUCT_BUNDLE_IDENTIFIER = "fundsindia.TO-DO-APP--UITests";
				PRODUCT_NAME = "$(TARGET_NAME)";
				SWIFT_EMIT_LOC_STRINGS = NO;
				SWIFT_VERSION = 5.0;
				TARGETED_DEVICE_FAMILY = "1,2";
				TEST_TARGET_NAME = "TO-DO-APP()";
			};
			name = Debug;
		};
		3F531F5B29765D7E00085F8D /* Release */ = {
			isa = XCBuildConfiguration;
			buildSettings = {
				ALWAYS_EMBED_SWIFT_STANDARD_LIBRARIES = YES;
				CODE_SIGN_STYLE = Automatic;
				CURRENT_PROJECT_VERSION = 1;
				GENERATE_INFOPLIST_FILE = YES;
				MARKETING_VERSION = 1.0;
				PRODUCT_BUNDLE_IDENTIFIER = "fundsindia.TO-DO-APP--UITests";
				PRODUCT_NAME = "$(TARGET_NAME)";
				SWIFT_EMIT_LOC_STRINGS = NO;
				SWIFT_VERSION = 5.0;
				TARGETED_DEVICE_FAMILY = "1,2";
				TEST_TARGET_NAME = "TO-DO-APP()";
			};
			name = Release;
		};
/* End XCBuildConfiguration section */

/* Begin XCConfigurationList section */
		3F531F2429765D7A00085F8D /* Build configuration list for PBXProject "TO-DO-APP()" */ = {
			isa = XCConfigurationList;
			buildConfigurations = (
				3F531F5129765D7E00085F8D /* Debug */,
				3F531F5229765D7E00085F8D /* Release */,
			);
			defaultConfigurationIsVisible = 0;
			defaultConfigurationName = Release;
		};
		3F531F5329765D7E00085F8D /* Build configuration list for PBXNativeTarget "TO-DO-APP()" */ = {
			isa = XCConfigurationList;
			buildConfigurations = (
				3F531F5429765D7E00085F8D /* Debug */,
				3F531F5529765D7E00085F8D /* Release */,
			);
			defaultConfigurationIsVisible = 0;
			defaultConfigurationName = Release;
		};
		3F531F5629765D7E00085F8D /* Build configuration list for PBXNativeTarget "TO-DO-APP()Tests" */ = {
			isa = XCConfigurationList;
			buildConfigurations = (
				3F531F5729765D7E00085F8D /* Debug */,
				3F531F5829765D7E00085F8D /* Release */,
			);
			defaultConfigurationIsVisible = 0;
			defaultConfigurationName = Release;
		};
		3F531F5929765D7E00085F8D /* Build configuration list for PBXNativeTarget "TO-DO-APP()UITests" */ = {
			isa = XCConfigurationList;
			buildConfigurations = (
				3F531F5A29765D7E00085F8D /* Debug */,
				3F531F5B29765D7E00085F8D /* Release */,
			);
			defaultConfigurationIsVisible = 0;
			defaultConfigurationName = Release;
		};
/* End XCConfigurationList section */
	};
	rootObject = 3F531F2129765D7A00085F8D /* Project object */;
}
